
Microsoft Visual Studio Solution File, Format Version 12.00
# Visual Studio Version 17
VisualStudioVersion = 17.9.34701.34
MinimumVisualStudioVersion = 10.0.40219.1
Project("{FAE04EC0-301F-11D3-BF4B-00C04F79EFBC}") = "ConsoleInterface", "ConsoleInterface\ConsoleInterface.csproj", "{3108E7DD-2DEE-4DE8-8566-F5C09CB29A08}"
EndProject
Global
	GlobalSection(SolutionConfigurationPlatforms) = preSolution
		Debug|Any CPU = Debug|Any CPU
		Release|Any CPU = Release|Any CPU
	EndGlobalSection
	GlobalSection(ProjectConfigurationPlatforms) = postSolution
		{3108E7DD-2DEE-4DE8-8566-F5C09CB29A08}.Debug|Any CPU.ActiveCfg = Debug|Any CPU
		{3108E7DD-2DEE-4DE8-8566-F5C09CB29A08}.Debug|Any CPU.Build.0 = Debug|Any CPU
		{3108E7DD-2DEE-4DE8-8566-F5C09CB29A08}.Release|Any CPU.ActiveCfg = Release|Any CPU
		{3108E7DD-2DEE-4DE8-8566-F5C09CB29A08}.Release|Any CPU.Build.0 = Release|Any CPU
	EndGlobalSection
	GlobalSection(SolutionProperties) = preSolution
		HideSolutionNode = FALSE
	EndGlobalSection
	GlobalSection(ExtensibilityGlobals) = postSolution
		SolutionGuid = {685E9A4C-2551-48B7-BD5C-05E6AD2B3FE2}
	EndGlobalSection
EndGlobal
