
Microsoft Visual Studio Solution File, Format Version 12.00
# Visual Studio Version 17
VisualStudioVersion = 17.9.34701.34
MinimumVisualStudioVersion = 10.0.40219.1
Project("{FAE04EC0-301F-11D3-BF4B-00C04F79EFBC}") = "ConsoleInterface", "ConsoleInterface\ConsoleInterface.csproj", "{3108E7DD-2DEE-4DE8-8566-F5C09CB29A08}"
EndProject
Project("{FAE04EC0-301F-11D3-BF4B-00C04F79EFBC}") = "VirtualCI", "VirtualCI\VirtualCI.csproj", "{9436DCE8-CE35-4898-898C-605EC62CFCA7}"
EndProject
Project("{FAE04EC0-301F-11D3-BF4B-00C04F79EFBC}") = "Tester", "Tester\Tester.csproj", "{F82A76D2-F1C5-4E3B-8B09-99D6FD9FA270}"
EndProject
Project("{FAE04EC0-301F-11D3-BF4B-00C04F79EFBC}") = "BGDFEditor", "BGDFEditor\BGDFEditor.csproj", "{64D29CEB-8FD9-471D-ADFA-5B51600972E8}"
EndProject
Global
	GlobalSection(SolutionConfigurationPlatforms) = preSolution
		Debug|Any CPU = Debug|Any CPU
		Release|Any CPU = Release|Any CPU
	EndGlobalSection
	GlobalSection(ProjectConfigurationPlatforms) = postSolution
		{3108E7DD-2DEE-4DE8-8566-F5C09CB29A08}.Debug|Any CPU.ActiveCfg = Debug|Any CPU
		{3108E7DD-2DEE-4DE8-8566-F5C09CB29A08}.Debug|Any CPU.Build.0 = Debug|Any CPU
		{3108E7DD-2DEE-4DE8-8566-F5C09CB29A08}.Release|Any CPU.ActiveCfg = Release|Any CPU
		{3108E7DD-2DEE-4DE8-8566-F5C09CB29A08}.Release|Any CPU.Build.0 = Release|Any CPU
		{9436DCE8-CE35-4898-898C-605EC62CFCA7}.Debug|Any CPU.ActiveCfg = Debug|Any CPU
		{9436DCE8-CE35-4898-898C-605EC62CFCA7}.Debug|Any CPU.Build.0 = Debug|Any CPU
		{9436DCE8-CE35-4898-898C-605EC62CFCA7}.Release|Any CPU.ActiveCfg = Release|Any CPU
		{9436DCE8-CE35-4898-898C-605EC62CFCA7}.Release|Any CPU.Build.0 = Release|Any CPU
		{F82A76D2-F1C5-4E3B-8B09-99D6FD9FA270}.Debug|Any CPU.ActiveCfg = Debug|Any CPU
		{F82A76D2-F1C5-4E3B-8B09-99D6FD9FA270}.Debug|Any CPU.Build.0 = Debug|Any CPU
		{F82A76D2-F1C5-4E3B-8B09-99D6FD9FA270}.Release|Any CPU.ActiveCfg = Release|Any CPU
		{F82A76D2-F1C5-4E3B-8B09-99D6FD9FA270}.Release|Any CPU.Build.0 = Release|Any CPU
		{64D29CEB-8FD9-471D-ADFA-5B51600972E8}.Debug|Any CPU.ActiveCfg = Debug|Any CPU
		{64D29CEB-8FD9-471D-ADFA-5B51600972E8}.Debug|Any CPU.Build.0 = Debug|Any CPU
		{64D29CEB-8FD9-471D-ADFA-5B51600972E8}.Release|Any CPU.ActiveCfg = Release|Any CPU
		{64D29CEB-8FD9-471D-ADFA-5B51600972E8}.Release|Any CPU.Build.0 = Release|Any CPU
	EndGlobalSection
	GlobalSection(SolutionProperties) = preSolution
		HideSolutionNode = FALSE
	EndGlobalSection
	GlobalSection(ExtensibilityGlobals) = postSolution
		SolutionGuid = {685E9A4C-2551-48B7-BD5C-05E6AD2B3FE2}
	EndGlobalSection
EndGlobal
